
Microsoft Visual Studio Solution File, Format Version 12.00
# Visual Studio Version 17
VisualStudioVersion = 17.5.33530.505
MinimumVisualStudioVersion = 10.0.40219.1
Project("{FAE04EC0-301F-11D3-BF4B-00C04F79EFBC}") = "BasicAuth", "BasicAuth\BasicAuth.csproj", "{F28CBA34-5C05-4CE5-BCE3-761D2F17D15C}"
EndProject
Global
	GlobalSection(SolutionConfigurationPlatforms) = preSolution
		Debug|Any CPU = Debug|Any CPU
		Release|Any CPU = Release|Any CPU
	EndGlobalSection
	GlobalSection(ProjectConfigurationPlatforms) = postSolution
		{F28CBA34-5C05-4CE5-BCE3-761D2F17D15C}.Debug|Any CPU.ActiveCfg = Debug|Any CPU
		{F28CBA34-5C05-4CE5-BCE3-761D2F17D15C}.Debug|Any CPU.Build.0 = Debug|Any CPU
		{F28CBA34-5C05-4CE5-BCE3-761D2F17D15C}.Release|Any CPU.ActiveCfg = Release|Any CPU
		{F28CBA34-5C05-4CE5-BCE3-761D2F17D15C}.Release|Any CPU.Build.0 = Release|Any CPU
	EndGlobalSection
	GlobalSection(SolutionProperties) = preSolution
		HideSolutionNode = FALSE
	EndGlobalSection
	GlobalSection(ExtensibilityGlobals) = postSolution
		SolutionGuid = {7E1AE39F-D73C-4CFF-B837-6645F6C173F9}
	EndGlobalSection
EndGlobal
